PODS:
  - apploggerSDK (0.3.2):
    - CocoaAsyncSocket (~> 7.3.4)
    - CocoaLumberjack
  - CocoaAsyncSocket (7.3.5)
  - CocoaLumberjack (1.8.1):
    - CocoaLumberjack/Extensions
  - CocoaLumberjack/Core (1.8.1)
  - CocoaLumberjack/Extensions (1.8.1):
    - CocoaLumberjack/Core
  - HockeySDK (3.5.5)
  - MBProgressHUD (0.8)

DEPENDENCIES:
  - apploggerSDK (from `../apploggerSDK.podspec`)
  - CocoaLumberjack
  - HockeySDK (>= 3.5.4)
  - MBProgressHUD (>= 0.8)

EXTERNAL SOURCES:
  apploggerSDK:
    :path: ../apploggerSDK.podspec

SPEC CHECKSUMS:
  apploggerSDK: a2f2e621273e8edd675b6c9b5ff9b4a9bfb93c74
  CocoaAsyncSocket: 45bdbbc1c0a5ed0640ff4c42af325ba43a2f099a
  CocoaLumberjack: 9d198d6e19909b3b113a38c5f06f7bb8eedd0427
  HockeySDK: f9af97c2f5df4eb6ca6d2a9c408f2ff498edd608
  MBProgressHUD: c356980b0cd097f19acec959b49dca5eb8ec31be

COCOAPODS: 0.32.1
