<?xml version="1.0" encoding="UTF-8"?>
<!DOCTYPE plist PUBLIC "-//Apple//DTD PLIST 1.0//EN" "http://www.apple.com/DTDs/PropertyList-1.0.dtd">
<plist version="1.0">
<dict>
	<key>archiveVersion</key>
	<string>1</string>
	<key>classes</key>
	<dict/>
	<key>objectVersion</key>
	<string>46</string>
	<key>objects</key>
	<dict>
		<key>079F839250444F7981755A40</key>
		<dict>
			<key>buildActionMask</key>
			<string>2147483647</string>
			<key>files</key>
			<array/>
			<key>inputPaths</key>
			<array/>
			<key>isa</key>
			<string>PBXShellScriptBuildPhase</string>
			<key>name</key>
			<string>Check Pods Manifest.lock</string>
			<key>outputPaths</key>
			<array/>
			<key>runOnlyForDeploymentPostprocessing</key>
			<string>0</string>
			<key>shellPath</key>
			<string>/bin/sh</string>
			<key>shellScript</key>
			<string>diff "${PODS_ROOT}/../Podfile.lock" "${PODS_ROOT}/Manifest.lock" &gt; /dev/null
if [[ $? != 0 ]] ; then
    cat &lt;&lt; EOM
error: The sandbox is not in sync with the Podfile.lock. Run 'pod install' or update your CocoaPods installation.
EOM
    exit 1
fi
</string>
			<key>showEnvVarsInLog</key>
			<string>0</string>
		</dict>
		<key>1A749D8A7A9549508E799FD4</key>
		<dict>
			<key>explicitFileType</key>
			<string>archive.ar</string>
			<key>includeInIndex</key>
			<string>0</string>
			<key>isa</key>
			<string>PBXFileReference</string>
			<key>path</key>
			<string>libPods-applogger-unittest-appTests.a</string>
			<key>sourceTree</key>
			<string>BUILT_PRODUCTS_DIR</string>
		</dict>
		<key>26694115BC3545C8AFAD9876</key>
		<dict>
			<key>buildActionMask</key>
			<string>2147483647</string>
			<key>files</key>
			<array/>
			<key>inputPaths</key>
			<array/>
			<key>isa</key>
			<string>PBXShellScriptBuildPhase</string>
			<key>name</key>
			<string>Copy Pods Resources</string>
			<key>outputPaths</key>
			<array/>
			<key>runOnlyForDeploymentPostprocessing</key>
			<string>0</string>
			<key>shellPath</key>
			<string>/bin/sh</string>
			<key>shellScript</key>
			<string>"${SRCROOT}/../Pods/Target Support Files/Pods-applogger-unittest-appTests/Pods-applogger-unittest-appTests-resources.sh"
</string>
			<key>showEnvVarsInLog</key>
			<string>0</string>
		</dict>
		<key>270A595DAC4B4840997EE320</key>
		<dict>
			<key>fileRef</key>
			<string>3919997BCD26419AB3B6B84E</string>
			<key>isa</key>
			<string>PBXBuildFile</string>
		</dict>
		<key>3919997BCD26419AB3B6B84E</key>
		<dict>
			<key>explicitFileType</key>
			<string>archive.ar</string>
			<key>includeInIndex</key>
			<string>0</string>
			<key>isa</key>
			<string>PBXFileReference</string>
			<key>path</key>
			<string>libPods-applogger-unittest-app.a</string>
			<key>sourceTree</key>
			<string>BUILT_PRODUCTS_DIR</string>
		</dict>
		<key>48EDAB5DA59D42AC8FE0FD91</key>
		<dict>
			<key>buildActionMask</key>
			<string>2147483647</string>
			<key>files</key>
			<array/>
			<key>inputPaths</key>
			<array/>
			<key>isa</key>
			<string>PBXShellScriptBuildPhase</string>
			<key>name</key>
			<string>Copy Pods Resources</string>
			<key>outputPaths</key>
			<array/>
			<key>runOnlyForDeploymentPostprocessing</key>
			<string>0</string>
			<key>shellPath</key>
			<string>/bin/sh</string>
			<key>shellScript</key>
			<string>"${SRCROOT}/../Pods/Target Support Files/Pods-applogger-unittest-app/Pods-applogger-unittest-app-resources.sh"
</string>
			<key>showEnvVarsInLog</key>
			<string>0</string>
		</dict>
		<key>4C2A9A0D191E3800004333A6</key>
		<dict>
			<key>children</key>
			<array>
				<string>4C2A9A1F191E3801004333A6</string>
				<string>4C2A9A3E191E3801004333A6</string>
				<string>4C2A9A18191E3801004333A6</string>
				<string>4C2A9A17191E3801004333A6</string>
				<string>6E8B2F2B04684C085CA46FDB</string>
			</array>
			<key>isa</key>
			<string>PBXGroup</string>
			<key>sourceTree</key>
			<string>&lt;group&gt;</string>
		</dict>
		<key>4C2A9A0E191E3800004333A6</key>
		<dict>
			<key>attributes</key>
			<dict>
				<key>CLASSPREFIX</key>
				<string>ALU</string>
				<key>LastUpgradeCheck</key>
				<string>0510</string>
				<key>ORGANIZATIONNAME</key>
				<string>applogger.io</string>
				<key>TargetAttributes</key>
				<dict>
					<key>4C2A9A36191E3801004333A6</key>
					<dict>
						<key>TestTargetID</key>
						<string>4C2A9A15191E3801004333A6</string>
					</dict>
				</dict>
			</dict>
			<key>buildConfigurationList</key>
			<string>4C2A9A11191E3800004333A6</string>
			<key>compatibilityVersion</key>
			<string>Xcode 3.2</string>
			<key>developmentRegion</key>
			<string>English</string>
			<key>hasScannedForEncodings</key>
			<string>0</string>
			<key>isa</key>
			<string>PBXProject</string>
			<key>knownRegions</key>
			<array>
				<string>en</string>
				<string>Base</string>
			</array>
			<key>mainGroup</key>
			<string>4C2A9A0D191E3800004333A6</string>
			<key>productRefGroup</key>
			<string>4C2A9A17191E3801004333A6</string>
			<key>projectDirPath</key>
			<string></string>
			<key>projectReferences</key>
			<array/>
			<key>projectRoot</key>
			<string></string>
			<key>targets</key>
			<array>
				<string>4C2A9A15191E3801004333A6</string>
				<string>4C2A9A36191E3801004333A6</string>
			</array>
		</dict>
		<key>4C2A9A11191E3800004333A6</key>
		<dict>
			<key>buildConfigurations</key>
			<array>
				<string>4C2A9A46191E3801004333A6</string>
				<string>4C2A9A47191E3801004333A6</string>
			</array>
			<key>defaultConfigurationIsVisible</key>
			<string>0</string>
			<key>defaultConfigurationName</key>
			<string>Release</string>
			<key>isa</key>
			<string>XCConfigurationList</string>
		</dict>
		<key>4C2A9A12191E3801004333A6</key>
		<dict>
			<key>buildActionMask</key>
			<string>2147483647</string>
			<key>files</key>
			<array>
				<string>4C2A9A26191E3801004333A6</string>
				<string>4C2A9A2A191E3801004333A6</string>
				<string>4C2A9A30191E3801004333A6</string>
			</array>
			<key>isa</key>
			<string>PBXSourcesBuildPhase</string>
			<key>runOnlyForDeploymentPostprocessing</key>
			<string>0</string>
		</dict>
		<key>4C2A9A13191E3801004333A6</key>
		<dict>
			<key>buildActionMask</key>
			<string>2147483647</string>
			<key>files</key>
			<array>
				<string>4C2A9A1C191E3801004333A6</string>
				<string>4C2A9A1E191E3801004333A6</string>
				<string>4C2A9A1A191E3801004333A6</string>
				<string>270A595DAC4B4840997EE320</string>
			</array>
			<key>isa</key>
			<string>PBXFrameworksBuildPhase</string>
			<key>runOnlyForDeploymentPostprocessing</key>
			<string>0</string>
		</dict>
		<key>4C2A9A14191E3801004333A6</key>
		<dict>
			<key>buildActionMask</key>
			<string>2147483647</string>
			<key>files</key>
			<array>
				<string>4C2A9A32191E3801004333A6</string>
				<string>4C2A9A24191E3801004333A6</string>
				<string>4C2A9A2D191E3801004333A6</string>
			</array>
			<key>isa</key>
			<string>PBXResourcesBuildPhase</string>
			<key>runOnlyForDeploymentPostprocessing</key>
			<string>0</string>
		</dict>
		<key>4C2A9A15191E3801004333A6</key>
		<dict>
			<key>buildConfigurationList</key>
			<string>4C2A9A48191E3801004333A6</string>
			<key>buildPhases</key>
			<array>
				<string>079F839250444F7981755A40</string>
				<string>4C2A9A12191E3801004333A6</string>
				<string>4C2A9A13191E3801004333A6</string>
				<string>4C2A9A14191E3801004333A6</string>
				<string>48EDAB5DA59D42AC8FE0FD91</string>
			</array>
			<key>buildRules</key>
			<array/>
			<key>dependencies</key>
			<array/>
			<key>isa</key>
			<string>PBXNativeTarget</string>
			<key>name</key>
			<string>applogger-unittest-app</string>
			<key>productName</key>
			<string>applogger-unittest-app</string>
			<key>productReference</key>
			<string>4C2A9A16191E3801004333A6</string>
			<key>productType</key>
			<string>com.apple.product-type.application</string>
		</dict>
		<key>4C2A9A16191E3801004333A6</key>
		<dict>
			<key>explicitFileType</key>
			<string>wrapper.application</string>
			<key>includeInIndex</key>
			<string>0</string>
			<key>isa</key>
			<string>PBXFileReference</string>
			<key>path</key>
			<string>applogger-unittest-app.app</string>
			<key>sourceTree</key>
			<string>BUILT_PRODUCTS_DIR</string>
		</dict>
		<key>4C2A9A17191E3801004333A6</key>
		<dict>
			<key>children</key>
			<array>
				<string>4C2A9A16191E3801004333A6</string>
				<string>4C2A9A37191E3801004333A6</string>
			</array>
			<key>isa</key>
			<string>PBXGroup</string>
			<key>name</key>
			<string>Products</string>
			<key>sourceTree</key>
			<string>&lt;group&gt;</string>
		</dict>
		<key>4C2A9A18191E3801004333A6</key>
		<dict>
			<key>children</key>
			<array>
				<string>4C2A9A19191E3801004333A6</string>
				<string>4C2A9A1B191E3801004333A6</string>
				<string>4C2A9A1D191E3801004333A6</string>
				<string>4C2A9A38191E3801004333A6</string>
				<string>3919997BCD26419AB3B6B84E</string>
				<string>1A749D8A7A9549508E799FD4</string>
			</array>
			<key>isa</key>
			<string>PBXGroup</string>
			<key>name</key>
			<string>Frameworks</string>
			<key>sourceTree</key>
			<string>&lt;group&gt;</string>
		</dict>
		<key>4C2A9A19191E3801004333A6</key>
		<dict>
			<key>isa</key>
			<string>PBXFileReference</string>
			<key>lastKnownFileType</key>
			<string>wrapper.framework</string>
			<key>name</key>
			<string>Foundation.framework</string>
			<key>path</key>
			<string>System/Library/Frameworks/Foundation.framework</string>
			<key>sourceTree</key>
			<string>SDKROOT</string>
		</dict>
		<key>4C2A9A1A191E3801004333A6</key>
		<dict>
			<key>fileRef</key>
			<string>4C2A9A19191E3801004333A6</string>
			<key>isa</key>
			<string>PBXBuildFile</string>
		</dict>
		<key>4C2A9A1B191E3801004333A6</key>
		<dict>
			<key>isa</key>
			<string>PBXFileReference</string>
			<key>lastKnownFileType</key>
			<string>wrapper.framework</string>
			<key>name</key>
			<string>CoreGraphics.framework</string>
			<key>path</key>
			<string>System/Library/Frameworks/CoreGraphics.framework</string>
			<key>sourceTree</key>
			<string>SDKROOT</string>
		</dict>
		<key>4C2A9A1C191E3801004333A6</key>
		<dict>
			<key>fileRef</key>
			<string>4C2A9A1B191E3801004333A6</string>
			<key>isa</key>
			<string>PBXBuildFile</string>
		</dict>
		<key>4C2A9A1D191E3801004333A6</key>
		<dict>
			<key>isa</key>
			<string>PBXFileReference</string>
			<key>lastKnownFileType</key>
			<string>wrapper.framework</string>
			<key>name</key>
			<string>UIKit.framework</string>
			<key>path</key>
			<string>System/Library/Frameworks/UIKit.framework</string>
			<key>sourceTree</key>
			<string>SDKROOT</string>
		</dict>
		<key>4C2A9A1E191E3801004333A6</key>
		<dict>
			<key>fileRef</key>
			<string>4C2A9A1D191E3801004333A6</string>
			<key>isa</key>
			<string>PBXBuildFile</string>
		</dict>
		<key>4C2A9A1F191E3801004333A6</key>
		<dict>
			<key>children</key>
			<array>
				<string>4C2A9A28191E3801004333A6</string>
				<string>4C2A9A29191E3801004333A6</string>
				<string>4C2A9A2B191E3801004333A6</string>
				<string>4C2A9A2E191E3801004333A6</string>
				<string>4C2A9A2F191E3801004333A6</string>
				<string>4C2A9A31191E3801004333A6</string>
				<string>4C2A9A20191E3801004333A6</string>
			</array>
			<key>isa</key>
			<string>PBXGroup</string>
			<key>path</key>
			<string>applogger-unittest-app</string>
			<key>sourceTree</key>
			<string>&lt;group&gt;</string>
		</dict>
		<key>4C2A9A20191E3801004333A6</key>
		<dict>
			<key>children</key>
			<array>
				<string>4C2A9A21191E3801004333A6</string>
				<string>4C2A9A22191E3801004333A6</string>
				<string>4C2A9A25191E3801004333A6</string>
				<string>4C2A9A27191E3801004333A6</string>
			</array>
			<key>isa</key>
			<string>PBXGroup</string>
			<key>name</key>
			<string>Supporting Files</string>
			<key>sourceTree</key>
			<string>&lt;group&gt;</string>
		</dict>
		<key>4C2A9A21191E3801004333A6</key>
		<dict>
			<key>isa</key>
			<string>PBXFileReference</string>
			<key>lastKnownFileType</key>
			<string>text.plist.xml</string>
			<key>path</key>
			<string>applogger-unittest-app-Info.plist</string>
			<key>sourceTree</key>
			<string>&lt;group&gt;</string>
		</dict>
		<key>4C2A9A22191E3801004333A6</key>
		<dict>
			<key>children</key>
			<array>
				<string>4C2A9A23191E3801004333A6</string>
			</array>
			<key>isa</key>
			<string>PBXVariantGroup</string>
			<key>name</key>
			<string>InfoPlist.strings</string>
			<key>sourceTree</key>
			<string>&lt;group&gt;</string>
		</dict>
		<key>4C2A9A23191E3801004333A6</key>
		<dict>
			<key>isa</key>
			<string>PBXFileReference</string>
			<key>lastKnownFileType</key>
			<string>text.plist.strings</string>
			<key>name</key>
			<string>en</string>
			<key>path</key>
			<string>en.lproj/InfoPlist.strings</string>
			<key>sourceTree</key>
			<string>&lt;group&gt;</string>
		</dict>
		<key>4C2A9A24191E3801004333A6</key>
		<dict>
			<key>fileRef</key>
			<string>4C2A9A22191E3801004333A6</string>
			<key>isa</key>
			<string>PBXBuildFile</string>
		</dict>
		<key>4C2A9A25191E3801004333A6</key>
		<dict>
			<key>isa</key>
			<string>PBXFileReference</string>
			<key>lastKnownFileType</key>
			<string>sourcecode.c.objc</string>
			<key>path</key>
			<string>main.m</string>
			<key>sourceTree</key>
			<string>&lt;group&gt;</string>
		</dict>
		<key>4C2A9A26191E3801004333A6</key>
		<dict>
			<key>fileRef</key>
			<string>4C2A9A25191E3801004333A6</string>
			<key>isa</key>
			<string>PBXBuildFile</string>
		</dict>
		<key>4C2A9A27191E3801004333A6</key>
		<dict>
			<key>isa</key>
			<string>PBXFileReference</string>
			<key>lastKnownFileType</key>
			<string>sourcecode.c.h</string>
			<key>path</key>
			<string>applogger-unittest-app-Prefix.pch</string>
			<key>sourceTree</key>
			<string>&lt;group&gt;</string>
		</dict>
		<key>4C2A9A28191E3801004333A6</key>
		<dict>
			<key>isa</key>
			<string>PBXFileReference</string>
			<key>lastKnownFileType</key>
			<string>sourcecode.c.h</string>
			<key>path</key>
			<string>ALUAppDelegate.h</string>
			<key>sourceTree</key>
			<string>&lt;group&gt;</string>
		</dict>
		<key>4C2A9A29191E3801004333A6</key>
		<dict>
			<key>isa</key>
			<string>PBXFileReference</string>
			<key>lastKnownFileType</key>
			<string>sourcecode.c.objc</string>
			<key>path</key>
			<string>ALUAppDelegate.m</string>
			<key>sourceTree</key>
			<string>&lt;group&gt;</string>
		</dict>
		<key>4C2A9A2A191E3801004333A6</key>
		<dict>
			<key>fileRef</key>
			<string>4C2A9A29191E3801004333A6</string>
			<key>isa</key>
			<string>PBXBuildFile</string>
		</dict>
		<key>4C2A9A2B191E3801004333A6</key>
		<dict>
			<key>children</key>
			<array>
				<string>4C2A9A2C191E3801004333A6</string>
			</array>
			<key>isa</key>
			<string>PBXVariantGroup</string>
			<key>name</key>
			<string>Main.storyboard</string>
			<key>sourceTree</key>
			<string>&lt;group&gt;</string>
		</dict>
		<key>4C2A9A2C191E3801004333A6</key>
		<dict>
			<key>isa</key>
			<string>PBXFileReference</string>
			<key>lastKnownFileType</key>
			<string>file.storyboard</string>
			<key>name</key>
			<string>Base</string>
			<key>path</key>
			<string>Base.lproj/Main.storyboard</string>
			<key>sourceTree</key>
			<string>&lt;group&gt;</string>
		</dict>
		<key>4C2A9A2D191E3801004333A6</key>
		<dict>
			<key>fileRef</key>
			<string>4C2A9A2B191E3801004333A6</string>
			<key>isa</key>
			<string>PBXBuildFile</string>
		</dict>
		<key>4C2A9A2E191E3801004333A6</key>
		<dict>
			<key>isa</key>
			<string>PBXFileReference</string>
			<key>lastKnownFileType</key>
			<string>sourcecode.c.h</string>
			<key>path</key>
			<string>ALUViewController.h</string>
			<key>sourceTree</key>
			<string>&lt;group&gt;</string>
		</dict>
		<key>4C2A9A2F191E3801004333A6</key>
		<dict>
			<key>isa</key>
			<string>PBXFileReference</string>
			<key>lastKnownFileType</key>
			<string>sourcecode.c.objc</string>
			<key>path</key>
			<string>ALUViewController.m</string>
			<key>sourceTree</key>
			<string>&lt;group&gt;</string>
		</dict>
		<key>4C2A9A30191E3801004333A6</key>
		<dict>
			<key>fileRef</key>
			<string>4C2A9A2F191E3801004333A6</string>
			<key>isa</key>
			<string>PBXBuildFile</string>
		</dict>
		<key>4C2A9A31191E3801004333A6</key>
		<dict>
			<key>isa</key>
			<string>PBXFileReference</string>
			<key>lastKnownFileType</key>
			<string>folder.assetcatalog</string>
			<key>path</key>
			<string>Images.xcassets</string>
			<key>sourceTree</key>
			<string>&lt;group&gt;</string>
		</dict>
		<key>4C2A9A32191E3801004333A6</key>
		<dict>
			<key>fileRef</key>
			<string>4C2A9A31191E3801004333A6</string>
			<key>isa</key>
			<string>PBXBuildFile</string>
		</dict>
		<key>4C2A9A33191E3801004333A6</key>
		<dict>
			<key>buildActionMask</key>
			<string>2147483647</string>
			<key>files</key>
			<array>
				<string>4C2A9A4F191E3A85004333A6</string>
			</array>
			<key>isa</key>
			<string>PBXSourcesBuildPhase</string>
			<key>runOnlyForDeploymentPostprocessing</key>
			<string>0</string>
		</dict>
		<key>4C2A9A34191E3801004333A6</key>
		<dict>
			<key>buildActionMask</key>
			<string>2147483647</string>
			<key>files</key>
			<array>
				<string>4C2A9A39191E3801004333A6</string>
				<string>4C2A9A3B191E3801004333A6</string>
				<string>4C2A9A3A191E3801004333A6</string>
				<string>FD21213D03DB4D5D88CFC554</string>
			</array>
			<key>isa</key>
			<string>PBXFrameworksBuildPhase</string>
			<key>runOnlyForDeploymentPostprocessing</key>
			<string>0</string>
		</dict>
		<key>4C2A9A35191E3801004333A6</key>
		<dict>
			<key>buildActionMask</key>
			<string>2147483647</string>
			<key>files</key>
			<array>
				<string>4C2A9A43191E3801004333A6</string>
			</array>
			<key>isa</key>
			<string>PBXResourcesBuildPhase</string>
			<key>runOnlyForDeploymentPostprocessing</key>
			<string>0</string>
		</dict>
		<key>4C2A9A36191E3801004333A6</key>
		<dict>
			<key>buildConfigurationList</key>
			<string>4C2A9A4B191E3801004333A6</string>
			<key>buildPhases</key>
			<array>
				<string>B4D0BF78D014438296E37AC9</string>
				<string>4C2A9A33191E3801004333A6</string>
				<string>4C2A9A34191E3801004333A6</string>
				<string>4C2A9A35191E3801004333A6</string>
				<string>26694115BC3545C8AFAD9876</string>
			</array>
			<key>buildRules</key>
			<array/>
			<key>dependencies</key>
			<array>
				<string>4C2A9A3D191E3801004333A6</string>
			</array>
			<key>isa</key>
			<string>PBXNativeTarget</string>
			<key>name</key>
			<string>applogger-unittest-appTests</string>
			<key>productName</key>
			<string>applogger-unittest-appTests</string>
			<key>productReference</key>
			<string>4C2A9A37191E3801004333A6</string>
			<key>productType</key>
			<string>com.apple.product-type.bundle.unit-test</string>
		</dict>
		<key>4C2A9A37191E3801004333A6</key>
		<dict>
			<key>explicitFileType</key>
			<string>wrapper.cfbundle</string>
			<key>includeInIndex</key>
			<string>0</string>
			<key>isa</key>
			<string>PBXFileReference</string>
			<key>path</key>
			<string>applogger-unittest-appTests.xctest</string>
			<key>sourceTree</key>
			<string>BUILT_PRODUCTS_DIR</string>
		</dict>
		<key>4C2A9A38191E3801004333A6</key>
		<dict>
			<key>isa</key>
			<string>PBXFileReference</string>
			<key>lastKnownFileType</key>
			<string>wrapper.framework</string>
			<key>name</key>
			<string>XCTest.framework</string>
			<key>path</key>
			<string>Library/Frameworks/XCTest.framework</string>
			<key>sourceTree</key>
			<string>DEVELOPER_DIR</string>
		</dict>
		<key>4C2A9A39191E3801004333A6</key>
		<dict>
			<key>fileRef</key>
			<string>4C2A9A38191E3801004333A6</string>
			<key>isa</key>
			<string>PBXBuildFile</string>
		</dict>
		<key>4C2A9A3A191E3801004333A6</key>
		<dict>
			<key>fileRef</key>
			<string>4C2A9A19191E3801004333A6</string>
			<key>isa</key>
			<string>PBXBuildFile</string>
		</dict>
		<key>4C2A9A3B191E3801004333A6</key>
		<dict>
			<key>fileRef</key>
			<string>4C2A9A1D191E3801004333A6</string>
			<key>isa</key>
			<string>PBXBuildFile</string>
		</dict>
		<key>4C2A9A3C191E3801004333A6</key>
		<dict>
			<key>containerPortal</key>
			<string>4C2A9A0E191E3800004333A6</string>
			<key>isa</key>
			<string>PBXContainerItemProxy</string>
			<key>proxyType</key>
			<string>1</string>
			<key>remoteGlobalIDString</key>
			<string>4C2A9A15191E3801004333A6</string>
			<key>remoteInfo</key>
			<string>applogger-unittest-app</string>
		</dict>
		<key>4C2A9A3D191E3801004333A6</key>
		<dict>
			<key>isa</key>
			<string>PBXTargetDependency</string>
			<key>target</key>
			<string>4C2A9A15191E3801004333A6</string>
			<key>targetProxy</key>
			<string>4C2A9A3C191E3801004333A6</string>
		</dict>
		<key>4C2A9A3E191E3801004333A6</key>
		<dict>
			<key>children</key>
			<array>
				<string>4C2A9A3F191E3801004333A6</string>
				<string>4C2A9A4E191E3A85004333A6</string>
				<string>4C2A9A50191E40AD004333A6</string>
			</array>
			<key>isa</key>
			<string>PBXGroup</string>
			<key>path</key>
			<string>applogger-unittest-appTests</string>
			<key>sourceTree</key>
			<string>&lt;group&gt;</string>
		</dict>
		<key>4C2A9A3F191E3801004333A6</key>
		<dict>
			<key>children</key>
			<array>
				<string>4C2A9A40191E3801004333A6</string>
				<string>4C2A9A41191E3801004333A6</string>
			</array>
			<key>isa</key>
			<string>PBXGroup</string>
			<key>name</key>
			<string>Supporting Files</string>
			<key>sourceTree</key>
			<string>&lt;group&gt;</string>
		</dict>
		<key>4C2A9A40191E3801004333A6</key>
		<dict>
			<key>isa</key>
			<string>PBXFileReference</string>
			<key>lastKnownFileType</key>
			<string>text.plist.xml</string>
			<key>path</key>
			<string>applogger-unittest-appTests-Info.plist</string>
			<key>sourceTree</key>
			<string>&lt;group&gt;</string>
		</dict>
		<key>4C2A9A41191E3801004333A6</key>
		<dict>
			<key>children</key>
			<array>
				<string>4C2A9A42191E3801004333A6</string>
			</array>
			<key>isa</key>
			<string>PBXVariantGroup</string>
			<key>name</key>
			<string>InfoPlist.strings</string>
			<key>sourceTree</key>
			<string>&lt;group&gt;</string>
		</dict>
		<key>4C2A9A42191E3801004333A6</key>
		<dict>
			<key>isa</key>
			<string>PBXFileReference</string>
			<key>lastKnownFileType</key>
			<string>text.plist.strings</string>
			<key>name</key>
			<string>en</string>
			<key>path</key>
			<string>en.lproj/InfoPlist.strings</string>
			<key>sourceTree</key>
			<string>&lt;group&gt;</string>
		</dict>
		<key>4C2A9A43191E3801004333A6</key>
		<dict>
			<key>fileRef</key>
			<string>4C2A9A41191E3801004333A6</string>
			<key>isa</key>
			<string>PBXBuildFile</string>
		</dict>
		<key>4C2A9A46191E3801004333A6</key>
		<dict>
			<key>buildSettings</key>
			<dict>
				<key>ALWAYS_SEARCH_USER_PATHS</key>
				<string>NO</string>
				<key>CLANG_CXX_LANGUAGE_STANDARD</key>
				<string>gnu++0x</string>
				<key>CLANG_CXX_LIBRARY</key>
				<string>libc++</string>
				<key>CLANG_ENABLE_MODULES</key>
				<string>YES</string>
				<key>CLANG_ENABLE_OBJC_ARC</key>
				<string>YES</string>
				<key>CLANG_WARN_BOOL_CONVERSION</key>
				<string>YES</string>
				<key>CLANG_WARN_CONSTANT_CONVERSION</key>
				<string>YES</string>
				<key>CLANG_WARN_DIRECT_OBJC_ISA_USAGE</key>
				<string>YES_ERROR</string>
				<key>CLANG_WARN_EMPTY_BODY</key>
				<string>YES</string>
				<key>CLANG_WARN_ENUM_CONVERSION</key>
				<string>YES</string>
				<key>CLANG_WARN_INT_CONVERSION</key>
				<string>YES</string>
				<key>CLANG_WARN_OBJC_ROOT_CLASS</key>
				<string>YES_ERROR</string>
				<key>CLANG_WARN__DUPLICATE_METHOD_MATCH</key>
				<string>YES</string>
				<key>CODE_SIGN_IDENTITY[sdk=iphoneos*]</key>
				<string>iPhone Developer</string>
				<key>COPY_PHASE_STRIP</key>
				<string>NO</string>
				<key>GCC_C_LANGUAGE_STANDARD</key>
				<string>gnu99</string>
				<key>GCC_DYNAMIC_NO_PIC</key>
				<string>NO</string>
				<key>GCC_OPTIMIZATION_LEVEL</key>
				<string>0</string>
				<key>GCC_PREPROCESSOR_DEFINITIONS</key>
				<array>
					<string>DEBUG=1</string>
					<string>$(inherited)</string>
				</array>
				<key>GCC_SYMBOLS_PRIVATE_EXTERN</key>
				<string>NO</string>
				<key>GCC_WARN_64_TO_32_BIT_CONVERSION</key>
				<string>YES</string>
				<key>GCC_WARN_ABOUT_RETURN_TYPE</key>
				<string>YES_ERROR</string>
				<key>GCC_WARN_UNDECLARED_SELECTOR</key>
				<string>YES</string>
				<key>GCC_WARN_UNINITIALIZED_AUTOS</key>
				<string>YES_AGGRESSIVE</string>
				<key>GCC_WARN_UNUSED_FUNCTION</key>
				<string>YES</string>
				<key>GCC_WARN_UNUSED_VARIABLE</key>
				<string>YES</string>
				<key>IPHONEOS_DEPLOYMENT_TARGET</key>
				<string>7.1</string>
				<key>ONLY_ACTIVE_ARCH</key>
				<string>YES</string>
				<key>SDKROOT</key>
				<string>iphoneos</string>
			</dict>
			<key>isa</key>
			<string>XCBuildConfiguration</string>
			<key>name</key>
			<string>Debug</string>
		</dict>
		<key>4C2A9A47191E3801004333A6</key>
		<dict>
			<key>buildSettings</key>
			<dict>
				<key>ALWAYS_SEARCH_USER_PATHS</key>
				<string>NO</string>
				<key>CLANG_CXX_LANGUAGE_STANDARD</key>
				<string>gnu++0x</string>
				<key>CLANG_CXX_LIBRARY</key>
				<string>libc++</string>
				<key>CLANG_ENABLE_MODULES</key>
				<string>YES</string>
				<key>CLANG_ENABLE_OBJC_ARC</key>
				<string>YES</string>
				<key>CLANG_WARN_BOOL_CONVERSION</key>
				<string>YES</string>
				<key>CLANG_WARN_CONSTANT_CONVERSION</key>
				<string>YES</string>
				<key>CLANG_WARN_DIRECT_OBJC_ISA_USAGE</key>
				<string>YES_ERROR</string>
				<key>CLANG_WARN_EMPTY_BODY</key>
				<string>YES</string>
				<key>CLANG_WARN_ENUM_CONVERSION</key>
				<string>YES</string>
				<key>CLANG_WARN_INT_CONVERSION</key>
				<string>YES</string>
				<key>CLANG_WARN_OBJC_ROOT_CLASS</key>
				<string>YES_ERROR</string>
				<key>CLANG_WARN__DUPLICATE_METHOD_MATCH</key>
				<string>YES</string>
				<key>CODE_SIGN_IDENTITY[sdk=iphoneos*]</key>
				<string>iPhone Developer</string>
				<key>COPY_PHASE_STRIP</key>
				<string>YES</string>
				<key>ENABLE_NS_ASSERTIONS</key>
				<string>NO</string>
				<key>GCC_C_LANGUAGE_STANDARD</key>
				<string>gnu99</string>
				<key>GCC_WARN_64_TO_32_BIT_CONVERSION</key>
				<string>YES</string>
				<key>GCC_WARN_ABOUT_RETURN_TYPE</key>
				<string>YES_ERROR</string>
				<key>GCC_WARN_UNDECLARED_SELECTOR</key>
				<string>YES</string>
				<key>GCC_WARN_UNINITIALIZED_AUTOS</key>
				<string>YES_AGGRESSIVE</string>
				<key>GCC_WARN_UNUSED_FUNCTION</key>
				<string>YES</string>
				<key>GCC_WARN_UNUSED_VARIABLE</key>
				<string>YES</string>
				<key>IPHONEOS_DEPLOYMENT_TARGET</key>
				<string>7.1</string>
				<key>SDKROOT</key>
				<string>iphoneos</string>
				<key>VALIDATE_PRODUCT</key>
				<string>YES</string>
			</dict>
			<key>isa</key>
			<string>XCBuildConfiguration</string>
			<key>name</key>
			<string>Release</string>
		</dict>
		<key>4C2A9A48191E3801004333A6</key>
		<dict>
			<key>buildConfigurations</key>
			<array>
				<string>4C2A9A49191E3801004333A6</string>
				<string>4C2A9A4A191E3801004333A6</string>
			</array>
			<key>defaultConfigurationIsVisible</key>
			<string>0</string>
			<key>defaultConfigurationName</key>
			<string>Release</string>
			<key>isa</key>
			<string>XCConfigurationList</string>
		</dict>
		<key>4C2A9A49191E3801004333A6</key>
		<dict>
			<key>baseConfigurationReference</key>
			<string>A0EAA13F558F780DB2693B7E</string>
			<key>buildSettings</key>
			<dict>
				<key>ASSETCATALOG_COMPILER_APPICON_NAME</key>
				<string>AppIcon</string>
				<key>ASSETCATALOG_COMPILER_LAUNCHIMAGE_NAME</key>
				<string>LaunchImage</string>
				<key>GCC_PRECOMPILE_PREFIX_HEADER</key>
				<string>YES</string>
				<key>GCC_PREFIX_HEADER</key>
				<string>applogger-unittest-app/applogger-unittest-app-Prefix.pch</string>
				<key>INFOPLIST_FILE</key>
				<string>applogger-unittest-app/applogger-unittest-app-Info.plist</string>
				<key>PRODUCT_NAME</key>
				<string>$(TARGET_NAME)</string>
				<key>WRAPPER_EXTENSION</key>
				<string>app</string>
			</dict>
			<key>isa</key>
			<string>XCBuildConfiguration</string>
			<key>name</key>
			<string>Debug</string>
		</dict>
		<key>4C2A9A4A191E3801004333A6</key>
		<dict>
			<key>baseConfigurationReference</key>
			<string>B757CF9D1A45862E1C79419A</string>
			<key>buildSettings</key>
			<dict>
				<key>ASSETCATALOG_COMPILER_APPICON_NAME</key>
				<string>AppIcon</string>
				<key>ASSETCATALOG_COMPILER_LAUNCHIMAGE_NAME</key>
				<string>LaunchImage</string>
				<key>GCC_PRECOMPILE_PREFIX_HEADER</key>
				<string>YES</string>
				<key>GCC_PREFIX_HEADER</key>
				<string>applogger-unittest-app/applogger-unittest-app-Prefix.pch</string>
				<key>INFOPLIST_FILE</key>
				<string>applogger-unittest-app/applogger-unittest-app-Info.plist</string>
				<key>PRODUCT_NAME</key>
				<string>$(TARGET_NAME)</string>
				<key>WRAPPER_EXTENSION</key>
				<string>app</string>
			</dict>
			<key>isa</key>
			<string>XCBuildConfiguration</string>
			<key>name</key>
			<string>Release</string>
		</dict>
		<key>4C2A9A4B191E3801004333A6</key>
		<dict>
			<key>buildConfigurations</key>
			<array>
				<string>4C2A9A4C191E3801004333A6</string>
				<string>4C2A9A4D191E3801004333A6</string>
			</array>
			<key>defaultConfigurationIsVisible</key>
			<string>0</string>
			<key>defaultConfigurationName</key>
			<string>Release</string>
			<key>isa</key>
			<string>XCConfigurationList</string>
		</dict>
		<key>4C2A9A4C191E3801004333A6</key>
		<dict>
			<key>baseConfigurationReference</key>
			<string>C0AC0261FF67D69FF6157600</string>
			<key>buildSettings</key>
			<dict>
				<key>BUNDLE_LOADER</key>
				<string>$(BUILT_PRODUCTS_DIR)/applogger-unittest-app.app/applogger-unittest-app</string>
				<key>FRAMEWORK_SEARCH_PATHS</key>
				<array>
					<string>$(SDKROOT)/Developer/Library/Frameworks</string>
					<string>$(inherited)</string>
					<string>$(DEVELOPER_FRAMEWORKS_DIR)</string>
				</array>
				<key>GCC_PRECOMPILE_PREFIX_HEADER</key>
				<string>YES</string>
				<key>GCC_PREFIX_HEADER</key>
				<string>applogger-unittest-app/applogger-unittest-app-Prefix.pch</string>
				<key>GCC_PREPROCESSOR_DEFINITIONS</key>
				<array>
					<string>DEBUG=1</string>
					<string>$(inherited)</string>
				</array>
				<key>INFOPLIST_FILE</key>
				<string>applogger-unittest-appTests/applogger-unittest-appTests-Info.plist</string>
				<key>PRODUCT_NAME</key>
				<string>$(TARGET_NAME)</string>
				<key>TEST_HOST</key>
				<string>$(BUNDLE_LOADER)</string>
				<key>WRAPPER_EXTENSION</key>
				<string>xctest</string>
			</dict>
			<key>isa</key>
			<string>XCBuildConfiguration</string>
			<key>name</key>
			<string>Debug</string>
		</dict>
		<key>4C2A9A4D191E3801004333A6</key>
		<dict>
			<key>baseConfigurationReference</key>
			<string>ED2ADA7A42405F754E33F548</string>
			<key>buildSettings</key>
			<dict>
				<key>BUNDLE_LOADER</key>
				<string>$(BUILT_PRODUCTS_DIR)/applogger-unittest-app.app/applogger-unittest-app</string>
				<key>FRAMEWORK_SEARCH_PATHS</key>
				<array>
					<string>$(SDKROOT)/Developer/Library/Frameworks</string>
					<string>$(inherited)</string>
					<string>$(DEVELOPER_FRAMEWORKS_DIR)</string>
				</array>
				<key>GCC_PRECOMPILE_PREFIX_HEADER</key>
				<string>YES</string>
				<key>GCC_PREFIX_HEADER</key>
				<string>applogger-unittest-app/applogger-unittest-app-Prefix.pch</string>
				<key>INFOPLIST_FILE</key>
				<string>applogger-unittest-appTests/applogger-unittest-appTests-Info.plist</string>
				<key>PRODUCT_NAME</key>
				<string>$(TARGET_NAME)</string>
				<key>TEST_HOST</key>
				<string>$(BUNDLE_LOADER)</string>
				<key>WRAPPER_EXTENSION</key>
				<string>xctest</string>
			</dict>
			<key>isa</key>
			<string>XCBuildConfiguration</string>
			<key>name</key>
			<string>Release</string>
		</dict>
		<key>4C2A9A4E191E3A85004333A6</key>
		<dict>
			<key>fileEncoding</key>
			<string>4</string>
			<key>isa</key>
			<string>PBXFileReference</string>
			<key>lastKnownFileType</key>
			<string>sourcecode.c.objc</string>
			<key>path</key>
			<string>VerifyRegisterDeviceUriTests.m</string>
			<key>sourceTree</key>
			<string>&lt;group&gt;</string>
		</dict>
		<key>4C2A9A4F191E3A85004333A6</key>
		<dict>
			<key>fileRef</key>
			<string>4C2A9A4E191E3A85004333A6</string>
			<key>isa</key>
			<string>PBXBuildFile</string>
		</dict>
		<key>4C2A9A50191E40AD004333A6</key>
		<dict>
			<key>isa</key>
			<string>PBXFileReference</string>
			<key>lastKnownFileType</key>
			<string>sourcecode.c.h</string>
			<key>path</key>
			<string>UnittestHelperMacros.h</string>
			<key>sourceTree</key>
			<string>&lt;group&gt;</string>
		</dict>
		<key>6E8B2F2B04684C085CA46FDB</key>
		<dict>
			<key>children</key>
			<array>
				<string>A0EAA13F558F780DB2693B7E</string>
				<string>B757CF9D1A45862E1C79419A</string>
				<string>C0AC0261FF67D69FF6157600</string>
				<string>ED2ADA7A42405F754E33F548</string>
			</array>
			<key>isa</key>
			<string>PBXGroup</string>
			<key>name</key>
			<string>Pods</string>
			<key>sourceTree</key>
			<string>&lt;group&gt;</string>
		</dict>
		<key>A0EAA13F558F780DB2693B7E</key>
		<dict>
			<key>includeInIndex</key>
			<string>1</string>
			<key>isa</key>
			<string>PBXFileReference</string>
			<key>lastKnownFileType</key>
			<string>text.xcconfig</string>
			<key>name</key>
			<string>Pods-applogger-unittest-app.debug.xcconfig</string>
			<key>path</key>
			<string>../Pods/Target Support Files/Pods-applogger-unittest-app/Pods-applogger-unittest-app.debug.xcconfig</string>
			<key>sourceTree</key>
			<string>&lt;group&gt;</string>
		</dict>
		<key>B4D0BF78D014438296E37AC9</key>
		<dict>
			<key>buildActionMask</key>
			<string>2147483647</string>
			<key>files</key>
			<array/>
			<key>inputPaths</key>
			<array/>
			<key>isa</key>
			<string>PBXShellScriptBuildPhase</string>
			<key>name</key>
			<string>Check Pods Manifest.lock</string>
			<key>outputPaths</key>
			<array/>
			<key>runOnlyForDeploymentPostprocessing</key>
			<string>0</string>
			<key>shellPath</key>
			<string>/bin/sh</string>
			<key>shellScript</key>
			<string>diff "${PODS_ROOT}/../Podfile.lock" "${PODS_ROOT}/Manifest.lock" &gt; /dev/null
if [[ $? != 0 ]] ; then
    cat &lt;&lt; EOM
error: The sandbox is not in sync with the Podfile.lock. Run 'pod install' or update your CocoaPods installation.
EOM
    exit 1
fi
</string>
			<key>showEnvVarsInLog</key>
			<string>0</string>
		</dict>
		<key>B757CF9D1A45862E1C79419A</key>
		<dict>
			<key>includeInIndex</key>
			<string>1</string>
			<key>isa</key>
			<string>PBXFileReference</string>
			<key>lastKnownFileType</key>
			<string>text.xcconfig</string>
			<key>name</key>
			<string>Pods-applogger-unittest-app.release.xcconfig</string>
			<key>path</key>
			<string>../Pods/Target Support Files/Pods-applogger-unittest-app/Pods-applogger-unittest-app.release.xcconfig</string>
			<key>sourceTree</key>
			<string>&lt;group&gt;</string>
		</dict>
		<key>C0AC0261FF67D69FF6157600</key>
		<dict>
			<key>includeInIndex</key>
			<string>1</string>
			<key>isa</key>
			<string>PBXFileReference</string>
			<key>lastKnownFileType</key>
			<string>text.xcconfig</string>
			<key>name</key>
			<string>Pods-applogger-unittest-appTests.debug.xcconfig</string>
			<key>path</key>
			<string>../Pods/Target Support Files/Pods-applogger-unittest-appTests/Pods-applogger-unittest-appTests.debug.xcconfig</string>
			<key>sourceTree</key>
			<string>&lt;group&gt;</string>
		</dict>
		<key>ED2ADA7A42405F754E33F548</key>
		<dict>
			<key>includeInIndex</key>
			<string>1</string>
			<key>isa</key>
			<string>PBXFileReference</string>
			<key>lastKnownFileType</key>
			<string>text.xcconfig</string>
			<key>name</key>
			<string>Pods-applogger-unittest-appTests.release.xcconfig</string>
			<key>path</key>
			<string>../Pods/Target Support Files/Pods-applogger-unittest-appTests/Pods-applogger-unittest-appTests.release.xcconfig</string>
			<key>sourceTree</key>
			<string>&lt;group&gt;</string>
		</dict>
		<key>FD21213D03DB4D5D88CFC554</key>
		<dict>
			<key>fileRef</key>
			<string>1A749D8A7A9549508E799FD4</string>
			<key>isa</key>
			<string>PBXBuildFile</string>
		</dict>
	</dict>
	<key>rootObject</key>
	<string>4C2A9A0E191E3800004333A6</string>
</dict>
</plist>
